
Microsoft Visual Studio Solution File, Format Version 12.00
# Visual Studio Version 17
VisualStudioVersion = 17.13.35825.156
MinimumVisualStudioVersion = 10.0.40219.1
Project("{2150E333-8FDC-42A3-9474-1A3956D46DE8}") = "src", "src", "{02EA681E-C7D8-13C7-8484-4AC65E1B71E8}"
	ProjectSection(SolutionItems) = preProject
		docker-compose.yml = docker-compose.yml
	EndProjectSection
EndProject
Project("{2150E333-8FDC-42A3-9474-1A3956D46DE8}") = "1 - Presentation", "1 - Presentation", "{F3AB05CB-4EBC-4F8D-A78C-5B749640EC97}"
EndProject
Project("{2150E333-8FDC-42A3-9474-1A3956D46DE8}") = "2 - Application", "2 - Application", "{F443E8C5-E279-4D49-9377-8F10AB1E3F20}"
EndProject
Project("{2150E333-8FDC-42A3-9474-1A3956D46DE8}") = "3 - Domain", "3 - Domain", "{832C5E20-1D59-4231-81BC-C17C6B9BE945}"
EndProject
Project("{2150E333-8FDC-42A3-9474-1A3956D46DE8}") = "4 - Infrastructure", "4 - Infrastructure", "{1C28F971-346C-4C75-A4C5-BA2D4CBADC6A}"
EndProject
Project("{2150E333-8FDC-42A3-9474-1A3956D46DE8}") = "5 - Worker", "5 - Worker", "{B29C9078-D6A7-42D0-B28F-B224BA40F1DA}"
EndProject
Project("{FAE04EC0-301F-11D3-BF4B-00C04F79EFBC}") = "InvestYes.Domain", "src\InvestYes.Domain\InvestYes.Domain.csproj", "{8586B437-37F5-47D3-882D-84D18E8DA540}"
EndProject
Project("{FAE04EC0-301F-11D3-BF4B-00C04F79EFBC}") = "InvestYes.Application", "src\InvestYes.Application\InvestYes.Application.csproj", "{125A6FD1-6805-43F4-BFAA-4E3D178FD17F}"
EndProject
Project("{FAE04EC0-301F-11D3-BF4B-00C04F79EFBC}") = "InvestYes.Infrastructure", "src\InvestYes.Infrastructure\InvestYes.Infrastructure.csproj", "{D4D1719A-8FC8-407B-A46E-BF0BBEB24DBA}"
EndProject
Project("{FAE04EC0-301F-11D3-BF4B-00C04F79EFBC}") = "InvestYes.Worker", "src\InvestYes.Worker\InvestYes.Worker.csproj", "{4303FFB9-BDAD-4F19-8CA3-7C974B9782D6}"
EndProject
Project("{FAE04EC0-301F-11D3-BF4B-00C04F79EFBC}") = "InvestYes.API", "src\InvestYes.API\InvestYes.API.csproj", "{A578B267-605B-4620-809D-A060CE645F22}"
EndProject
Project("{2150E333-8FDC-42A3-9474-1A3956D46DE8}") = "6 - IoC", "6 - IoC", "{07E2A2AE-62FA-4B3C-B07E-47F3BFF6EBC1}"
EndProject
Project("{FAE04EC0-301F-11D3-BF4B-00C04F79EFBC}") = "InvestYes.IoC", "src\InvestYes.IoC\InvestYes.IoC.csproj", "{78B103D0-000E-453B-A665-08C1C2066202}"
EndProject
Project("{2150E333-8FDC-42A3-9474-1A3956D46DE8}") = "7 - tests", "7 - tests", "{BA20F410-D854-4590-92AB-BE6BA809BDF0}"
EndProject
Project("{FAE04EC0-301F-11D3-BF4B-00C04F79EFBC}") = "InvestYes.UnitTests", "src\InvestYes.UnitTests\InvestYes.UnitTests.csproj", "{7A84002A-86CC-7351-995E-F38D8475CF41}"
EndProject
Global
	GlobalSection(SolutionConfigurationPlatforms) = preSolution
		Debug|Any CPU = Debug|Any CPU
		Release|Any CPU = Release|Any CPU
	EndGlobalSection
	GlobalSection(ProjectConfigurationPlatforms) = postSolution
		{8586B437-37F5-47D3-882D-84D18E8DA540}.Debug|Any CPU.ActiveCfg = Debug|Any CPU
		{8586B437-37F5-47D3-882D-84D18E8DA540}.Debug|Any CPU.Build.0 = Debug|Any CPU
		{8586B437-37F5-47D3-882D-84D18E8DA540}.Release|Any CPU.ActiveCfg = Release|Any CPU
		{8586B437-37F5-47D3-882D-84D18E8DA540}.Release|Any CPU.Build.0 = Release|Any CPU
		{125A6FD1-6805-43F4-BFAA-4E3D178FD17F}.Debug|Any CPU.ActiveCfg = Debug|Any CPU
		{125A6FD1-6805-43F4-BFAA-4E3D178FD17F}.Debug|Any CPU.Build.0 = Debug|Any CPU
		{125A6FD1-6805-43F4-BFAA-4E3D178FD17F}.Release|Any CPU.ActiveCfg = Release|Any CPU
		{125A6FD1-6805-43F4-BFAA-4E3D178FD17F}.Release|Any CPU.Build.0 = Release|Any CPU
		{D4D1719A-8FC8-407B-A46E-BF0BBEB24DBA}.Debug|Any CPU.ActiveCfg = Debug|Any CPU
		{D4D1719A-8FC8-407B-A46E-BF0BBEB24DBA}.Debug|Any CPU.Build.0 = Debug|Any CPU
		{D4D1719A-8FC8-407B-A46E-BF0BBEB24DBA}.Release|Any CPU.ActiveCfg = Release|Any CPU
		{D4D1719A-8FC8-407B-A46E-BF0BBEB24DBA}.Release|Any CPU.Build.0 = Release|Any CPU
		{4303FFB9-BDAD-4F19-8CA3-7C974B9782D6}.Debug|Any CPU.ActiveCfg = Debug|Any CPU
		{4303FFB9-BDAD-4F19-8CA3-7C974B9782D6}.Debug|Any CPU.Build.0 = Debug|Any CPU
		{4303FFB9-BDAD-4F19-8CA3-7C974B9782D6}.Release|Any CPU.ActiveCfg = Release|Any CPU
		{4303FFB9-BDAD-4F19-8CA3-7C974B9782D6}.Release|Any CPU.Build.0 = Release|Any CPU
		{A578B267-605B-4620-809D-A060CE645F22}.Debug|Any CPU.ActiveCfg = Debug|Any CPU
		{A578B267-605B-4620-809D-A060CE645F22}.Debug|Any CPU.Build.0 = Debug|Any CPU
		{A578B267-605B-4620-809D-A060CE645F22}.Release|Any CPU.ActiveCfg = Release|Any CPU
		{A578B267-605B-4620-809D-A060CE645F22}.Release|Any CPU.Build.0 = Release|Any CPU
		{78B103D0-000E-453B-A665-08C1C2066202}.Debug|Any CPU.ActiveCfg = Debug|Any CPU
		{78B103D0-000E-453B-A665-08C1C2066202}.Debug|Any CPU.Build.0 = Debug|Any CPU
		{78B103D0-000E-453B-A665-08C1C2066202}.Release|Any CPU.ActiveCfg = Release|Any CPU
		{78B103D0-000E-453B-A665-08C1C2066202}.Release|Any CPU.Build.0 = Release|Any CPU
		{7A84002A-86CC-7351-995E-F38D8475CF41}.Debug|Any CPU.ActiveCfg = Debug|Any CPU
		{7A84002A-86CC-7351-995E-F38D8475CF41}.Debug|Any CPU.Build.0 = Debug|Any CPU
		{7A84002A-86CC-7351-995E-F38D8475CF41}.Release|Any CPU.ActiveCfg = Release|Any CPU
		{7A84002A-86CC-7351-995E-F38D8475CF41}.Release|Any CPU.Build.0 = Release|Any CPU
	EndGlobalSection
	GlobalSection(SolutionProperties) = preSolution
		HideSolutionNode = FALSE
	EndGlobalSection
	GlobalSection(NestedProjects) = preSolution
		{F3AB05CB-4EBC-4F8D-A78C-5B749640EC97} = {02EA681E-C7D8-13C7-8484-4AC65E1B71E8}
		{F443E8C5-E279-4D49-9377-8F10AB1E3F20} = {02EA681E-C7D8-13C7-8484-4AC65E1B71E8}
		{832C5E20-1D59-4231-81BC-C17C6B9BE945} = {02EA681E-C7D8-13C7-8484-4AC65E1B71E8}
		{1C28F971-346C-4C75-A4C5-BA2D4CBADC6A} = {02EA681E-C7D8-13C7-8484-4AC65E1B71E8}
		{B29C9078-D6A7-42D0-B28F-B224BA40F1DA} = {02EA681E-C7D8-13C7-8484-4AC65E1B71E8}
		{8586B437-37F5-47D3-882D-84D18E8DA540} = {832C5E20-1D59-4231-81BC-C17C6B9BE945}
		{125A6FD1-6805-43F4-BFAA-4E3D178FD17F} = {F443E8C5-E279-4D49-9377-8F10AB1E3F20}
		{D4D1719A-8FC8-407B-A46E-BF0BBEB24DBA} = {1C28F971-346C-4C75-A4C5-BA2D4CBADC6A}
		{4303FFB9-BDAD-4F19-8CA3-7C974B9782D6} = {B29C9078-D6A7-42D0-B28F-B224BA40F1DA}
		{A578B267-605B-4620-809D-A060CE645F22} = {F3AB05CB-4EBC-4F8D-A78C-5B749640EC97}
		{07E2A2AE-62FA-4B3C-B07E-47F3BFF6EBC1} = {02EA681E-C7D8-13C7-8484-4AC65E1B71E8}
		{78B103D0-000E-453B-A665-08C1C2066202} = {07E2A2AE-62FA-4B3C-B07E-47F3BFF6EBC1}
		{BA20F410-D854-4590-92AB-BE6BA809BDF0} = {02EA681E-C7D8-13C7-8484-4AC65E1B71E8}
		{7A84002A-86CC-7351-995E-F38D8475CF41} = {BA20F410-D854-4590-92AB-BE6BA809BDF0}
	EndGlobalSection
	GlobalSection(ExtensibilityGlobals) = postSolution
		SolutionGuid = {A3352FDB-8F93-4758-BDC9-291CE6C7D15B}
	EndGlobalSection
EndGlobal
